// !$*UTF8*$!
{
	archiveVersion = 1;
	classes = {
	};
	objectVersion = 46;
	objects = {

/* Begin PBXBuildFile section */
		5A0E68DB88DDCF36F706E3D6 /* libPods-toy.a in Frameworks */ = {isa = PBXBuildFile; fileRef = 403E60C2117F29A4BC837EC8 /* libPods-toy.a */; };
		DE0270B31ED2C86A00719753 /* TOYAFSignupViewController.m in Sources */ = {isa = PBXBuildFile; fileRef = DE0270B21ED2C86A00719753 /* TOYAFSignupViewController.m */; };
		DE06C62F1ED02B26002C43B0 /* main.m in Sources */ = {isa = PBXBuildFile; fileRef = DE06C62E1ED02B26002C43B0 /* main.m */; };
		DE06C6321ED02B26002C43B0 /* AppDelegate.m in Sources */ = {isa = PBXBuildFile; fileRef = DE06C6311ED02B26002C43B0 /* AppDelegate.m */; };
		DE06C63A1ED02B26002C43B0 /* Assets.xcassets in Resources */ = {isa = PBXBuildFile; fileRef = DE06C6391ED02B26002C43B0 /* Assets.xcassets */; };
		DE06C63D1ED02B26002C43B0 /* LaunchScreen.storyboard in Resources */ = {isa = PBXBuildFile; fileRef = DE06C63B1ED02B26002C43B0 /* LaunchScreen.storyboard */; };
		DE06C6551ED03BE8002C43B0 /* TOYMainTableViewController.m in Sources */ = {isa = PBXBuildFile; fileRef = DE06C6541ED03BE8002C43B0 /* TOYMainTableViewController.m */; };
		DE06C6581ED0482B002C43B0 /* TOYExampleViewController.m in Sources */ = {isa = PBXBuildFile; fileRef = DE06C6571ED0482B002C43B0 /* TOYExampleViewController.m */; };
		DE06C65C1ED04997002C43B0 /* TOYAccount.m in Sources */ = {isa = PBXBuildFile; fileRef = DE06C65B1ED04997002C43B0 /* TOYAccount.m */; };
		DE06C6601ED04DC9002C43B0 /* TOYSignupViewController.m in Sources */ = {isa = PBXBuildFile; fileRef = DE06C65F1ED04DC9002C43B0 /* TOYSignupViewController.m */; };
/* End PBXBuildFile section */

/* Begin PBXContainerItemProxy section */
		DE06C6441ED02B26002C43B0 /* PBXContainerItemProxy */ = {
			isa = PBXContainerItemProxy;
			containerPortal = DE06C6221ED02B26002C43B0 /* Project object */;
			proxyType = 1;
			remoteGlobalIDString = DE06C6291ED02B26002C43B0;
			remoteInfo = toy;
		};
/* End PBXContainerItemProxy section */

/* Begin PBXFileReference section */
		403E60C2117F29A4BC837EC8 /* libPods-toy.a */ = {isa = PBXFileReference; explicitFileType = archive.ar; includeInIndex = 0; path = "libPods-toy.a"; sourceTree = BUILT_PRODUCTS_DIR; };
		6D4B0F5AB3DCFF881C494E44 /* Pods-toy.release.xcconfig */ = {isa = PBXFileReference; includeInIndex = 1; lastKnownFileType = text.xcconfig; name = "Pods-toy.release.xcconfig"; path = "Pods/Target Support Files/Pods-toy/Pods-toy.release.xcconfig"; sourceTree = "<group>"; };
		B7CB6AB04485578F2637B703 /* Pods-toy.debug.xcconfig */ = {isa = PBXFileReference; includeInIndex = 1; lastKnownFileType = text.xcconfig; name = "Pods-toy.debug.xcconfig"; path = "Pods/Target Support Files/Pods-toy/Pods-toy.debug.xcconfig"; sourceTree = "<group>"; };
		DE0270B11ED2C86A00719753 /* TOYAFSignupViewController.h */ = {isa = PBXFileReference; fileEncoding = 4; lastKnownFileType = sourcecode.c.h; path = TOYAFSignupViewController.h; sourceTree = "<group>"; };
		DE0270B21ED2C86A00719753 /* TOYAFSignupViewController.m */ = {isa = PBXFileReference; fileEncoding = 4; lastKnownFileType = sourcecode.c.objc; path = TOYAFSignupViewController.m; sourceTree = "<group>"; };
		DE06C62A1ED02B26002C43B0 /* toy.app */ = {isa = PBXFileReference; explicitFileType = wrapper.application; includeInIndex = 0; path = toy.app; sourceTree = BUILT_PRODUCTS_DIR; };
		DE06C62E1ED02B26002C43B0 /* main.m */ = {isa = PBXFileReference; lastKnownFileType = sourcecode.c.objc; path = main.m; sourceTree = "<group>"; };
		DE06C6301ED02B26002C43B0 /* AppDelegate.h */ = {isa = PBXFileReference; lastKnownFileType = sourcecode.c.h; path = AppDelegate.h; sourceTree = "<group>"; };
		DE06C6311ED02B26002C43B0 /* AppDelegate.m */ = {isa = PBXFileReference; lastKnownFileType = sourcecode.c.objc; path = AppDelegate.m; sourceTree = "<group>"; };
		DE06C6391ED02B26002C43B0 /* Assets.xcassets */ = {isa = PBXFileReference; lastKnownFileType = folder.assetcatalog; path = Assets.xcassets; sourceTree = "<group>"; };
		DE06C63C1ED02B26002C43B0 /* Base */ = {isa = PBXFileReference; lastKnownFileType = file.storyboard; name = Base; path = Base.lproj/LaunchScreen.storyboard; sourceTree = "<group>"; };
		DE06C63E1ED02B26002C43B0 /* Info.plist */ = {isa = PBXFileReference; lastKnownFileType = text.plist.xml; path = Info.plist; sourceTree = "<group>"; };
		DE06C6431ED02B26002C43B0 /* toyUITests.xctest */ = {isa = PBXFileReference; explicitFileType = wrapper.cfbundle; includeInIndex = 0; path = toyUITests.xctest; sourceTree = BUILT_PRODUCTS_DIR; };
		DE06C6521ED0379B002C43B0 /* PrefixHeader.pch */ = {isa = PBXFileReference; lastKnownFileType = sourcecode.c.h; path = PrefixHeader.pch; sourceTree = "<group>"; };
		DE06C6531ED03BE8002C43B0 /* TOYMainTableViewController.h */ = {isa = PBXFileReference; fileEncoding = 4; lastKnownFileType = sourcecode.c.h; path = TOYMainTableViewController.h; sourceTree = "<group>"; };
		DE06C6541ED03BE8002C43B0 /* TOYMainTableViewController.m */ = {isa = PBXFileReference; fileEncoding = 4; lastKnownFileType = sourcecode.c.objc; path = TOYMainTableViewController.m; sourceTree = "<group>"; };
		DE06C6561ED0482B002C43B0 /* TOYExampleViewController.h */ = {isa = PBXFileReference; fileEncoding = 4; lastKnownFileType = sourcecode.c.h; path = TOYExampleViewController.h; sourceTree = "<group>"; };
		DE06C6571ED0482B002C43B0 /* TOYExampleViewController.m */ = {isa = PBXFileReference; fileEncoding = 4; lastKnownFileType = sourcecode.c.objc; path = TOYExampleViewController.m; sourceTree = "<group>"; };
		DE06C65A1ED04997002C43B0 /* TOYAccount.h */ = {isa = PBXFileReference; fileEncoding = 4; lastKnownFileType = sourcecode.c.h; path = TOYAccount.h; sourceTree = "<group>"; };
		DE06C65B1ED04997002C43B0 /* TOYAccount.m */ = {isa = PBXFileReference; fileEncoding = 4; lastKnownFileType = sourcecode.c.objc; path = TOYAccount.m; sourceTree = "<group>"; };
		DE06C65E1ED04DC9002C43B0 /* TOYSignupViewController.h */ = {isa = PBXFileReference; fileEncoding = 4; lastKnownFileType = sourcecode.c.h; path = TOYSignupViewController.h; sourceTree = "<group>"; };
		DE06C65F1ED04DC9002C43B0 /* TOYSignupViewController.m */ = {isa = PBXFileReference; fileEncoding = 4; lastKnownFileType = sourcecode.c.objc; path = TOYSignupViewController.m; sourceTree = "<group>"; };
/* End PBXFileReference section */

/* Begin PBXFrameworksBuildPhase section */
		DE06C6271ED02B26002C43B0 /* Frameworks */ = {
			isa = PBXFrameworksBuildPhase;
			buildActionMask = 2147483647;
			files = (
				5A0E68DB88DDCF36F706E3D6 /* libPods-toy.a in Frameworks */,
			);
			runOnlyForDeploymentPostprocessing = 0;
		};
		DE06C6401ED02B26002C43B0 /* Frameworks */ = {
			isa = PBXFrameworksBuildPhase;
			buildActionMask = 2147483647;
			files = (
			);
			runOnlyForDeploymentPostprocessing = 0;
		};
/* End PBXFrameworksBuildPhase section */

/* Begin PBXGroup section */
		0B6E526B9E9A9CA320073F6A /* Pods */ = {
			isa = PBXGroup;
			children = (
				B7CB6AB04485578F2637B703 /* Pods-toy.debug.xcconfig */,
				6D4B0F5AB3DCFF881C494E44 /* Pods-toy.release.xcconfig */,
			);
			name = Pods;
			sourceTree = "<group>";
		};
		DB1B54C1D0ED2F1A0DA159CE /* Frameworks */ = {
			isa = PBXGroup;
			children = (
				403E60C2117F29A4BC837EC8 /* libPods-toy.a */,
			);
			name = Frameworks;
			sourceTree = "<group>";
		};
		DE06C6211ED02B26002C43B0 = {
			isa = PBXGroup;
			children = (
				DE06C62C1ED02B26002C43B0 /* toy */,
				DE06C62B1ED02B26002C43B0 /* Products */,
				0B6E526B9E9A9CA320073F6A /* Pods */,
				DB1B54C1D0ED2F1A0DA159CE /* Frameworks */,
			);
			sourceTree = "<group>";
		};
		DE06C62B1ED02B26002C43B0 /* Products */ = {
			isa = PBXGroup;
			children = (
				DE06C62A1ED02B26002C43B0 /* toy.app */,
				DE06C6431ED02B26002C43B0 /* toyUITests.xctest */,
			);
			name = Products;
			sourceTree = "<group>";
		};
		DE06C62C1ED02B26002C43B0 /* toy */ = {
			isa = PBXGroup;
			children = (
				DE06C6301ED02B26002C43B0 /* AppDelegate.h */,
				DE06C6311ED02B26002C43B0 /* AppDelegate.m */,
				DE06C6531ED03BE8002C43B0 /* TOYMainTableViewController.h */,
				DE06C6541ED03BE8002C43B0 /* TOYMainTableViewController.m */,
				DE06C6561ED0482B002C43B0 /* TOYExampleViewController.h */,
				DE06C6571ED0482B002C43B0 /* TOYExampleViewController.m */,
				DE06C65D1ED04D3D002C43B0 /* Example Views */,
				DE06C6591ED04950002C43B0 /* Models */,
				DE06C6391ED02B26002C43B0 /* Assets.xcassets */,
				DE06C62D1ED02B26002C43B0 /* Supporting Files */,
			);
			path = toy;
			sourceTree = "<group>";
		};
		DE06C62D1ED02B26002C43B0 /* Supporting Files */ = {
			isa = PBXGroup;
			children = (
				DE06C63E1ED02B26002C43B0 /* Info.plist */,
				DE06C63B1ED02B26002C43B0 /* LaunchScreen.storyboard */,
				DE06C6521ED0379B002C43B0 /* PrefixHeader.pch */,
				DE06C62E1ED02B26002C43B0 /* main.m */,
			);
			name = "Supporting Files";
			sourceTree = "<group>";
		};
		DE06C6591ED04950002C43B0 /* Models */ = {
			isa = PBXGroup;
			children = (
				DE06C65A1ED04997002C43B0 /* TOYAccount.h */,
				DE06C65B1ED04997002C43B0 /* TOYAccount.m */,
			);
			name = Models;
			sourceTree = "<group>";
		};
		DE06C65D1ED04D3D002C43B0 /* Example Views */ = {
			isa = PBXGroup;
			children = (
				DE06C65E1ED04DC9002C43B0 /* TOYSignupViewController.h */,
				DE06C65F1ED04DC9002C43B0 /* TOYSignupViewController.m */,
				DE0270B11ED2C86A00719753 /* TOYAFSignupViewController.h */,
				DE0270B21ED2C86A00719753 /* TOYAFSignupViewController.m */,
			);
			name = "Example Views";
			sourceTree = "<group>";
		};
/* End PBXGroup section */

/* Begin PBXNativeTarget section */
		DE06C6291ED02B26002C43B0 /* toy */ = {
			isa = PBXNativeTarget;
			buildConfigurationList = DE06C64C1ED02B26002C43B0 /* Build configuration list for PBXNativeTarget "toy" */;
			buildPhases = (
				54944557BC35B8E6024EF99B /* [CP] Check Pods Manifest.lock */,
				DE06C6261ED02B26002C43B0 /* Sources */,
				DE06C6271ED02B26002C43B0 /* Frameworks */,
				DE06C6281ED02B26002C43B0 /* Resources */,
				788A54F55157745AAA2F6582 /* [CP] Embed Pods Frameworks */,
				1B8024B9D3912D7978244509 /* [CP] Copy Pods Resources */,
			);
			buildRules = (
			);
			dependencies = (
			);
			name = toy;
			productName = toy;
			productReference = DE06C62A1ED02B26002C43B0 /* toy.app */;
			productType = "com.apple.product-type.application";
		};
		DE06C6421ED02B26002C43B0 /* toyUITests */ = {
			isa = PBXNativeTarget;
			buildConfigurationList = DE06C64F1ED02B26002C43B0 /* Build configuration list for PBXNativeTarget "toyUITests" */;
			buildPhases = (
				DE06C63F1ED02B26002C43B0 /* Sources */,
				DE06C6401ED02B26002C43B0 /* Frameworks */,
				DE06C6411ED02B26002C43B0 /* Resources */,
			);
			buildRules = (
			);
			dependencies = (
				DE06C6451ED02B26002C43B0 /* PBXTargetDependency */,
			);
			name = toyUITests;
			productName = toyUITests;
			productReference = DE06C6431ED02B26002C43B0 /* toyUITests.xctest */;
			productType = "com.apple.product-type.bundle.ui-testing";
		};
/* End PBXNativeTarget section */

/* Begin PBXProject section */
		DE06C6221ED02B26002C43B0 /* Project object */ = {
			isa = PBXProject;
			attributes = {
				CLASSPREFIX = TOY;
				LastUpgradeCheck = 0810;
				ORGANIZATIONNAME = LuLouie;
				TargetAttributes = {
					DE06C6291ED02B26002C43B0 = {
						CreatedOnToolsVersion = 8.1;
						DevelopmentTeam = XGM42YA288;
						ProvisioningStyle = Automatic;
					};
					DE06C6421ED02B26002C43B0 = {
						CreatedOnToolsVersion = 8.1;
						DevelopmentTeam = XGM42YA288;
						ProvisioningStyle = Automatic;
						TestTargetID = DE06C6291ED02B26002C43B0;
					};
				};
			};
			buildConfigurationList = DE06C6251ED02B26002C43B0 /* Build configuration list for PBXProject "toy" */;
			compatibilityVersion = "Xcode 3.2";
			developmentRegion = English;
			hasScannedForEncodings = 0;
			knownRegions = (
				en,
				Base,
			);
			mainGroup = DE06C6211ED02B26002C43B0;
			productRefGroup = DE06C62B1ED02B26002C43B0 /* Products */;
			projectDirPath = "";
			projectRoot = "";
			targets = (
				DE06C6291ED02B26002C43B0 /* toy */,
				DE06C6421ED02B26002C43B0 /* toyUITests */,
			);
		};
/* End PBXProject section */

/* Begin PBXResourcesBuildPhase section */
		DE06C6281ED02B26002C43B0 /* Resources */ = {
			isa = PBXResourcesBuildPhase;
			buildActionMask = 2147483647;
			files = (
				DE06C63D1ED02B26002C43B0 /* LaunchScreen.storyboard in Resources */,
				DE06C63A1ED02B26002C43B0 /* Assets.xcassets in Resources */,
			);
			runOnlyForDeploymentPostprocessing = 0;
		};
		DE06C6411ED02B26002C43B0 /* Resources */ = {
			isa = PBXResourcesBuildPhase;
			buildActionMask = 2147483647;
			files = (
			);
			runOnlyForDeploymentPostprocessing = 0;
		};
/* End PBXResourcesBuildPhase section */

/* Begin PBXShellScriptBuildPhase section */
		1B8024B9D3912D7978244509 /* [CP] Copy Pods Resources */ = {
			isa = PBXShellScriptBuildPhase;
			buildActionMask = 2147483647;
			files = (
			);
			inputPaths = (
			);
			name = "[CP] Copy Pods Resources";
			outputPaths = (
			);
			runOnlyForDeploymentPostprocessing = 0;
			shellPath = /bin/sh;
			shellScript = "\"${SRCROOT}/Pods/Target Support Files/Pods-toy/Pods-toy-resources.sh\"\n";
			showEnvVarsInLog = 0;
		};
		54944557BC35B8E6024EF99B /* [CP] Check Pods Manifest.lock */ = {
			isa = PBXShellScriptBuildPhase;
			buildActionMask = 2147483647;
			files = (
			);
			inputPaths = (
			);
			name = "[CP] Check Pods Manifest.lock";
			outputPaths = (
			);
			runOnlyForDeploymentPostprocessing = 0;
			shellPath = /bin/sh;
			shellScript = "diff \"${PODS_PODFILE_DIR_PATH}/Podfile.lock\" \"${PODS_ROOT}/Manifest.lock\" > /dev/null\nif [ $? != 0 ] ; then\n    # print error to STDERR\n    echo \"error: The sandbox is not in sync with the Podfile.lock. Run 'pod install' or update your CocoaPods installation.\" >&2\n    exit 1\nfi\n";
			showEnvVarsInLog = 0;
		};
		788A54F55157745AAA2F6582 /* [CP] Embed Pods Frameworks */ = {
			isa = PBXShellScriptBuildPhase;
			buildActionMask = 2147483647;
			files = (
			);
			inputPaths = (
			);
			name = "[CP] Embed Pods Frameworks";
			outputPaths = (
			);
			runOnlyForDeploymentPostprocessing = 0;
			shellPath = /bin/sh;
			shellScript = "\"${SRCROOT}/Pods/Target Support Files/Pods-toy/Pods-toy-frameworks.sh\"\n";
			showEnvVarsInLog = 0;
		};
/* End PBXShellScriptBuildPhase section */

/* Begin PBXSourcesBuildPhase section */
		DE06C6261ED02B26002C43B0 /* Sources */ = {
			isa = PBXSourcesBuildPhase;
			buildActionMask = 2147483647;
			files = (
				DE06C6581ED0482B002C43B0 /* TOYExampleViewController.m in Sources */,
				DE06C65C1ED04997002C43B0 /* TOYAccount.m in Sources */,
				DE06C6551ED03BE8002C43B0 /* TOYMainTableViewController.m in Sources */,
				DE06C6601ED04DC9002C43B0 /* TOYSignupViewController.m in Sources */,
				DE0270B31ED2C86A00719753 /* TOYAFSignupViewController.m in Sources */,
				DE06C6321ED02B26002C43B0 /* AppDelegate.m in Sources */,
				DE06C62F1ED02B26002C43B0 /* main.m in Sources */,
			);
			runOnlyForDeploymentPostprocessing = 0;
		};
		DE06C63F1ED02B26002C43B0 /* Sources */ = {
			isa = PBXSourcesBuildPhase;
			buildActionMask = 2147483647;
			files = (
			);
			runOnlyForDeploymentPostprocessing = 0;
		};
/* End PBXSourcesBuildPhase section */

/* Begin PBXTargetDependency section */
		DE06C6451ED02B26002C43B0 /* PBXTargetDependency */ = {
			isa = PBXTargetDependency;
			target = DE06C6291ED02B26002C43B0 /* toy */;
			targetProxy = DE06C6441ED02B26002C43B0 /* PBXContainerItemProxy */;
		};
/* End PBXTargetDependency section */

/* Begin PBXVariantGroup section */
		DE06C63B1ED02B26002C43B0 /* LaunchScreen.storyboard */ = {
			isa = PBXVariantGroup;
			children = (
				DE06C63C1ED02B26002C43B0 /* Base */,
			);
			name = LaunchScreen.storyboard;
			sourceTree = "<group>";
		};
/* End PBXVariantGroup section */

/* Begin XCBuildConfiguration section */
		DE06C64A1ED02B26002C43B0 /* Debug */ = {
			isa = XCBuildConfiguration;
			buildSettings = {
				ALWAYS_SEARCH_USER_PATHS = NO;
				CLANG_ANALYZER_NONNULL = YES;
				CLANG_CXX_LANGUAGE_STANDARD = "gnu++0x";
				CLANG_CXX_LIBRARY = "libc++";
				CLANG_ENABLE_MODULES = YES;
				CLANG_ENABLE_OBJC_ARC = YES;
				CLANG_WARN_BOOL_CONVERSION = YES;
				CLANG_WARN_CONSTANT_CONVERSION = YES;
				CLANG_WARN_DIRECT_OBJC_ISA_USAGE = YES_ERROR;
				CLANG_WARN_DOCUMENTATION_COMMENTS = YES;
				CLANG_WARN_EMPTY_BODY = YES;
				CLANG_WARN_ENUM_CONVERSION = YES;
				CLANG_WARN_INFINITE_RECURSION = YES;
				CLANG_WARN_INT_CONVERSION = YES;
				CLANG_WARN_OBJC_ROOT_CLASS = YES_ERROR;
				CLANG_WARN_SUSPICIOUS_MOVE = YES;
				CLANG_WARN_SUSPICIOUS_MOVES = YES;
				CLANG_WARN_UNREACHABLE_CODE = YES;
				CLANG_WARN__DUPLICATE_METHOD_MATCH = YES;
				"CODE_SIGN_IDENTITY[sdk=iphoneos*]" = "iPhone Developer";
				COPY_PHASE_STRIP = NO;
				DEBUG_INFORMATION_FORMAT = dwarf;
				ENABLE_STRICT_OBJC_MSGSEND = YES;
				ENABLE_TESTABILITY = YES;
				GCC_C_LANGUAGE_STANDARD = gnu99;
				GCC_DYNAMIC_NO_PIC = NO;
				GCC_NO_COMMON_BLOCKS = YES;
				GCC_OPTIMIZATION_LEVEL = 0;
				GCC_PREPROCESSOR_DEFINITIONS = (
					"DEBUG=1",
					"$(inherited)",
				);
				GCC_WARN_64_TO_32_BIT_CONVERSION = YES;
				GCC_WARN_ABOUT_RETURN_TYPE = YES_ERROR;
				GCC_WARN_UNDECLARED_SELECTOR = YES;
				GCC_WARN_UNINITIALIZED_AUTOS = YES_AGGRESSIVE;
				GCC_WARN_UNUSED_FUNCTION = YES;
				GCC_WARN_UNUSED_VARIABLE = YES;
				IPHONEOS_DEPLOYMENT_TARGET = 10.1;
				MTL_ENABLE_DEBUG_INFO = YES;
				ONLY_ACTIVE_ARCH = YES;
				SDKROOT = iphoneos;
			};
			name = Debug;
		};
		DE06C64B1ED02B26002C43B0 /* Release */ = {
			isa = XCBuildConfiguration;
			buildSettings = {
				ALWAYS_SEARCH_USER_PATHS = NO;
				CLANG_ANALYZER_NONNULL = YES;
				CLANG_CXX_LANGUAGE_STANDARD = "gnu++0x";
				CLANG_CXX_LIBRARY = "libc++";
				CLANG_ENABLE_MODULES = YES;
				CLANG_ENABLE_OBJC_ARC = YES;
				CLANG_WARN_BOOL_CONVERSION = YES;
				CLANG_WARN_CONSTANT_CONVERSION = YES;
				CLANG_WARN_DIRECT_OBJC_ISA_USAGE = YES_ERROR;
				CLANG_WARN_DOCUMENTATION_COMMENTS = YES;
				CLANG_WARN_EMPTY_BODY = YES;
				CLANG_WARN_ENUM_CONVERSION = YES;
				CLANG_WARN_INFINITE_RECURSION = YES;
				CLANG_WARN_INT_CONVERSION = YES;
				CLANG_WARN_OBJC_ROOT_CLASS = YES_ERROR;
				CLANG_WARN_SUSPICIOUS_MOVE = YES;
				CLANG_WARN_SUSPICIOUS_MOVES = YES;
				CLANG_WARN_UNREACHABLE_CODE = YES;
				CLANG_WARN__DUPLICATE_METHOD_MATCH = YES;
				"CODE_SIGN_IDENTITY[sdk=iphoneos*]" = "iPhone Developer";
				COPY_PHASE_STRIP = NO;
				DEBUG_INFORMATION_FORMAT = "dwarf-with-dsym";
				ENABLE_NS_ASSERTIONS = NO;
				ENABLE_STRICT_OBJC_MSGSEND = YES;
				GCC_C_LANGUAGE_STANDARD = gnu99;
				GCC_NO_COMMON_BLOCKS = YES;
				GCC_WARN_64_TO_32_BIT_CONVERSION = YES;
				GCC_WARN_ABOUT_RETURN_TYPE = YES_ERROR;
				GCC_WARN_UNDECLARED_SELECTOR = YES;
				GCC_WARN_UNINITIALIZED_AUTOS = YES_AGGRESSIVE;
				GCC_WARN_UNUSED_FUNCTION = YES;
				GCC_WARN_UNUSED_VARIABLE = YES;
				IPHONEOS_DEPLOYMENT_TARGET = 10.1;
				MTL_ENABLE_DEBUG_INFO = NO;
				SDKROOT = iphoneos;
				VALIDATE_PRODUCT = YES;
			};
			name = Release;
		};
		DE06C64D1ED02B26002C43B0 /* Debug */ = {
			isa = XCBuildConfiguration;
			baseConfigurationReference = B7CB6AB04485578F2637B703 /* Pods-toy.debug.xcconfig */;
			buildSettings = {
				ASSETCATALOG_COMPILER_APPICON_NAME = AppIcon;
				DEVELOPMENT_TEAM = XGM42YA288;
				INFOPLIST_FILE = toy/Info.plist;
				LD_RUNPATH_SEARCH_PATHS = "$(inherited) @executable_path/Frameworks";
				PRODUCT_BUNDLE_IDENTIFIER = LuLouie.toy;
				PRODUCT_NAME = "$(TARGET_NAME)";
			};
			name = Debug;
		};
		DE06C64E1ED02B26002C43B0 /* Release */ = {
			isa = XCBuildConfiguration;
			baseConfigurationReference = 6D4B0F5AB3DCFF881C494E44 /* Pods-toy.release.xcconfig */;
			buildSettings = {
				ASSETCATALOG_COMPILER_APPICON_NAME = AppIcon;
				DEVELOPMENT_TEAM = XGM42YA288;
				INFOPLIST_FILE = toy/Info.plist;
				LD_RUNPATH_SEARCH_PATHS = "$(inherited) @executable_path/Frameworks";
				PRODUCT_BUNDLE_IDENTIFIER = LuLouie.toy;
				PRODUCT_NAME = "$(TARGET_NAME)";
			};
			name = Release;
		};
		DE06C6501ED02B26002C43B0 /* Debug */ = {
			isa = XCBuildConfiguration;
			buildSettings = {
				DEVELOPMENT_TEAM = XGM42YA288;
				INFOPLIST_FILE = toyUITests/Info.plist;
				LD_RUNPATH_SEARCH_PATHS = "$(inherited) @executable_path/Frameworks @loader_path/Frameworks";
				PRODUCT_BUNDLE_IDENTIFIER = LuLouie.toyUITests;
				PRODUCT_NAME = "$(TARGET_NAME)";
				TEST_TARGET_NAME = toy;
			};
			name = Debug;
		};
		DE06C6511ED02B26002C43B0 /* Release */ = {
			isa = XCBuildConfiguration;
			buildSettings = {
				DEVELOPMENT_TEAM = XGM42YA288;
				INFOPLIST_FILE = toyUITests/Info.plist;
				LD_RUNPATH_SEARCH_PATHS = "$(inherited) @executable_path/Frameworks @loader_path/Frameworks";
				PRODUCT_BUNDLE_IDENTIFIER = LuLouie.toyUITests;
				PRODUCT_NAME = "$(TARGET_NAME)";
				TEST_TARGET_NAME = toy;
			};
			name = Release;
		};
/* End XCBuildConfiguration section */

/* Begin XCConfigurationList section */
		DE06C6251ED02B26002C43B0 /* Build configuration list for PBXProject "toy" */ = {
			isa = XCConfigurationList;
			buildConfigurations = (
				DE06C64A1ED02B26002C43B0 /* Debug */,
				DE06C64B1ED02B26002C43B0 /* Release */,
			);
			defaultConfigurationIsVisible = 0;
			defaultConfigurationName = Release;
		};
		DE06C64C1ED02B26002C43B0 /* Build configuration list for PBXNativeTarget "toy" */ = {
			isa = XCConfigurationList;
			buildConfigurations = (
				DE06C64D1ED02B26002C43B0 /* Debug */,
				DE06C64E1ED02B26002C43B0 /* Release */,
			);
			defaultConfigurationIsVisible = 0;
			defaultConfigurationName = Release;
		};
		DE06C64F1ED02B26002C43B0 /* Build configuration list for PBXNativeTarget "toyUITests" */ = {
			isa = XCConfigurationList;
			buildConfigurations = (
				DE06C6501ED02B26002C43B0 /* Debug */,
				DE06C6511ED02B26002C43B0 /* Release */,
			);
			defaultConfigurationIsVisible = 0;
			defaultConfigurationName = Release;
		};
/* End XCConfigurationList section */
	};
	rootObject = DE06C6221ED02B26002C43B0 /* Project object */;
}
